
Microsoft Visual Studio Solution File, Format Version 12.00
# Visual Studio 15
VisualStudioVersion = 15.0.27130.2036
MinimumVisualStudioVersion = 10.0.40219.1
Project("{FAE04EC0-301F-11D3-BF4B-00C04F79EFBC}") = "DataBindingMVVM.Android", "DataBindingMVVM\DataBindingMVVM.Android\DataBindingMVVM.Android.csproj", "{ED6D5A9F-8C64-42C9-9A25-0631B7EFDF3B}"
EndProject
Project("{FAE04EC0-301F-11D3-BF4B-00C04F79EFBC}") = "DataBindingMVVM.iOS", "DataBindingMVVM\DataBindingMVVM.iOS\DataBindingMVVM.iOS.csproj", "{4351321C-1109-48E4-9DA0-8D338CCFD506}"
EndProject
Project("{FAE04EC0-301F-11D3-BF4B-00C04F79EFBC}") = "DataBindingMVVM.UWP", "DataBindingMVVM\DataBindingMVVM.UWP\DataBindingMVVM.UWP.csproj", "{E1B0EA1B-7105-4C8D-A60E-DAA3C6561191}"
EndProject
Project("{D954291E-2A0B-460D-934E-DC6B0785DB48}") = "DataBindingMVVM", "DataBindingMVVM\DataBindingMVVM\DataBindingMVVM.shproj", "{44AD1D0C-A883-4F07-9454-7AB369BB400F}"
EndProject
Global
	GlobalSection(SharedMSBuildProjectFiles) = preSolution
		DataBindingMVVM\DataBindingMVVM\DataBindingMVVM.projitems*{4351321c-1109-48e4-9da0-8d338ccfd506}*SharedItemsImports = 4
		DataBindingMVVM\DataBindingMVVM\DataBindingMVVM.projitems*{44ad1d0c-a883-4f07-9454-7ab369bb400f}*SharedItemsImports = 13
		DataBindingMVVM\DataBindingMVVM\DataBindingMVVM.projitems*{e1b0ea1b-7105-4c8d-a60e-daa3c6561191}*SharedItemsImports = 4
		DataBindingMVVM\DataBindingMVVM\DataBindingMVVM.projitems*{ed6d5a9f-8c64-42c9-9a25-0631b7efdf3b}*SharedItemsImports = 4
	EndGlobalSection
	GlobalSection(SolutionConfigurationPlatforms) = preSolution
		Ad-Hoc|Any CPU = Ad-Hoc|Any CPU
		Ad-Hoc|ARM = Ad-Hoc|ARM
		Ad-Hoc|iPhone = Ad-Hoc|iPhone
		Ad-Hoc|iPhoneSimulator = Ad-Hoc|iPhoneSimulator
		Ad-Hoc|x64 = Ad-Hoc|x64
		Ad-Hoc|x86 = Ad-Hoc|x86
		AppStore|Any CPU = AppStore|Any CPU
		AppStore|ARM = AppStore|ARM
		AppStore|iPhone = AppStore|iPhone
		AppStore|iPhoneSimulator = AppStore|iPhoneSimulator
		AppStore|x64 = AppStore|x64
		AppStore|x86 = AppStore|x86
		Debug|Any CPU = Debug|Any CPU
		Debug|ARM = Debug|ARM
		Debug|iPhone = Debug|iPhone
		Debug|iPhoneSimulator = Debug|iPhoneSimulator
		Debug|x64 = Debug|x64
		Debug|x86 = Debug|x86
		Release|Any CPU = Release|Any CPU
		Release|ARM = Release|ARM
		Release|iPhone = Release|iPhone
		Release|iPhoneSimulator = Release|iPhoneSimulator
		Release|x64 = Release|x64
		Release|x86 = Release|x86
	EndGlobalSection
	GlobalSection(ProjectConfigurationPlatforms) = postSolution
		{ED6D5A9F-8C64-42C9-9A25-0631B7EFDF3B}.Ad-Hoc|Any CPU.ActiveCfg = Release|Any CPU
		{ED6D5A9F-8C64-42C9-9A25-0631B7EFDF3B}.Ad-Hoc|Any CPU.Build.0 = Release|Any CPU
		{ED6D5A9F-8C64-42C9-9A25-0631B7EFDF3B}.Ad-Hoc|Any CPU.Deploy.0 = Release|Any CPU
		{ED6D5A9F-8C64-42C9-9A25-0631B7EFDF3B}.Ad-Hoc|ARM.ActiveCfg = Release|Any CPU
		{ED6D5A9F-8C64-42C9-9A25-0631B7EFDF3B}.Ad-Hoc|ARM.Build.0 = Release|Any CPU
		{ED6D5A9F-8C64-42C9-9A25-0631B7EFDF3B}.Ad-Hoc|ARM.Deploy.0 = Release|Any CPU
		{ED6D5A9F-8C64-42C9-9A25-0631B7EFDF3B}.Ad-Hoc|iPhone.ActiveCfg = Release|Any CPU
		{ED6D5A9F-8C64-42C9-9A25-0631B7EFDF3B}.Ad-Hoc|iPhone.Build.0 = Release|Any CPU
		{ED6D5A9F-8C64-42C9-9A25-0631B7EFDF3B}.Ad-Hoc|iPhone.Deploy.0 = Release|Any CPU
		{ED6D5A9F-8C64-42C9-9A25-0631B7EFDF3B}.Ad-Hoc|iPhoneSimulator.ActiveCfg = Release|Any CPU
		{ED6D5A9F-8C64-42C9-9A25-0631B7EFDF3B}.Ad-Hoc|iPhoneSimulator.Build.0 = Release|Any CPU
		{ED6D5A9F-8C64-42C9-9A25-0631B7EFDF3B}.Ad-Hoc|iPhoneSimulator.Deploy.0 = Release|Any CPU
		{ED6D5A9F-8C64-42C9-9A25-0631B7EFDF3B}.Ad-Hoc|x64.ActiveCfg = Release|Any CPU
		{ED6D5A9F-8C64-42C9-9A25-0631B7EFDF3B}.Ad-Hoc|x64.Build.0 = Release|Any CPU
		{ED6D5A9F-8C64-42C9-9A25-0631B7EFDF3B}.Ad-Hoc|x64.Deploy.0 = Release|Any CPU
		{ED6D5A9F-8C64-42C9-9A25-0631B7EFDF3B}.Ad-Hoc|x86.ActiveCfg = Release|Any CPU
		{ED6D5A9F-8C64-42C9-9A25-0631B7EFDF3B}.Ad-Hoc|x86.Build.0 = Release|Any CPU
		{ED6D5A9F-8C64-42C9-9A25-0631B7EFDF3B}.Ad-Hoc|x86.Deploy.0 = Release|Any CPU
		{ED6D5A9F-8C64-42C9-9A25-0631B7EFDF3B}.AppStore|Any CPU.ActiveCfg = Release|Any CPU
		{ED6D5A9F-8C64-42C9-9A25-0631B7EFDF3B}.AppStore|Any CPU.Build.0 = Release|Any CPU
		{ED6D5A9F-8C64-42C9-9A25-0631B7EFDF3B}.AppStore|Any CPU.Deploy.0 = Release|Any CPU
		{ED6D5A9F-8C64-42C9-9A25-0631B7EFDF3B}.AppStore|ARM.ActiveCfg = Release|Any CPU
		{ED6D5A9F-8C64-42C9-9A25-0631B7EFDF3B}.AppStore|ARM.Build.0 = Release|Any CPU
		{ED6D5A9F-8C64-42C9-9A25-0631B7EFDF3B}.AppStore|ARM.Deploy.0 = Release|Any CPU
		{ED6D5A9F-8C64-42C9-9A25-0631B7EFDF3B}.AppStore|iPhone.ActiveCfg = Release|Any CPU
		{ED6D5A9F-8C64-42C9-9A25-0631B7EFDF3B}.AppStore|iPhone.Build.0 = Release|Any CPU
		{ED6D5A9F-8C64-42C9-9A25-0631B7EFDF3B}.AppStore|iPhone.Deploy.0 = Release|Any CPU
		{ED6D5A9F-8C64-42C9-9A25-0631B7EFDF3B}.AppStore|iPhoneSimulator.ActiveCfg = Release|Any CPU
		{ED6D5A9F-8C64-42C9-9A25-0631B7EFDF3B}.AppStore|iPhoneSimulator.Build.0 = Release|Any CPU
		{ED6D5A9F-8C64-42C9-9A25-0631B7EFDF3B}.AppStore|iPhoneSimulator.Deploy.0 = Release|Any CPU
		{ED6D5A9F-8C64-42C9-9A25-0631B7EFDF3B}.AppStore|x64.ActiveCfg = Release|Any CPU
		{ED6D5A9F-8C64-42C9-9A25-0631B7EFDF3B}.AppStore|x64.Build.0 = Release|Any CPU
		{ED6D5A9F-8C64-42C9-9A25-0631B7EFDF3B}.AppStore|x64.Deploy.0 = Release|Any CPU
		{ED6D5A9F-8C64-42C9-9A25-0631B7EFDF3B}.AppStore|x86.ActiveCfg = Release|Any CPU
		{ED6D5A9F-8C64-42C9-9A25-0631B7EFDF3B}.AppStore|x86.Build.0 = Release|Any CPU
		{ED6D5A9F-8C64-42C9-9A25-0631B7EFDF3B}.AppStore|x86.Deploy.0 = Release|Any CPU
		{ED6D5A9F-8C64-42C9-9A25-0631B7EFDF3B}.Debug|Any CPU.ActiveCfg = Debug|Any CPU
		{ED6D5A9F-8C64-42C9-9A25-0631B7EFDF3B}.Debug|Any CPU.Build.0 = Debug|Any CPU
		{ED6D5A9F-8C64-42C9-9A25-0631B7EFDF3B}.Debug|Any CPU.Deploy.0 = Debug|Any CPU
		{ED6D5A9F-8C64-42C9-9A25-0631B7EFDF3B}.Debug|ARM.ActiveCfg = Debug|Any CPU
		{ED6D5A9F-8C64-42C9-9A25-0631B7EFDF3B}.Debug|ARM.Build.0 = Debug|Any CPU
		{ED6D5A9F-8C64-42C9-9A25-0631B7EFDF3B}.Debug|ARM.Deploy.0 = Debug|Any CPU
		{ED6D5A9F-8C64-42C9-9A25-0631B7EFDF3B}.Debug|iPhone.ActiveCfg = Debug|Any CPU
		{ED6D5A9F-8C64-42C9-9A25-0631B7EFDF3B}.Debug|iPhone.Build.0 = Debug|Any CPU
		{ED6D5A9F-8C64-42C9-9A25-0631B7EFDF3B}.Debug|iPhone.Deploy.0 = Debug|Any CPU
		{ED6D5A9F-8C64-42C9-9A25-0631B7EFDF3B}.Debug|iPhoneSimulator.ActiveCfg = Debug|Any CPU
		{ED6D5A9F-8C64-42C9-9A25-0631B7EFDF3B}.Debug|iPhoneSimulator.Build.0 = Debug|Any CPU
		{ED6D5A9F-8C64-42C9-9A25-0631B7EFDF3B}.Debug|iPhoneSimulator.Deploy.0 = Debug|Any CPU
		{ED6D5A9F-8C64-42C9-9A25-0631B7EFDF3B}.Debug|x64.ActiveCfg = Debug|Any CPU
		{ED6D5A9F-8C64-42C9-9A25-0631B7EFDF3B}.Debug|x64.Build.0 = Debug|Any CPU
		{ED6D5A9F-8C64-42C9-9A25-0631B7EFDF3B}.Debug|x64.Deploy.0 = Debug|Any CPU
		{ED6D5A9F-8C64-42C9-9A25-0631B7EFDF3B}.Debug|x86.ActiveCfg = Debug|Any CPU
		{ED6D5A9F-8C64-42C9-9A25-0631B7EFDF3B}.Debug|x86.Build.0 = Debug|Any CPU
		{ED6D5A9F-8C64-42C9-9A25-0631B7EFDF3B}.Debug|x86.Deploy.0 = Debug|Any CPU
		{ED6D5A9F-8C64-42C9-9A25-0631B7EFDF3B}.Release|Any CPU.ActiveCfg = Release|Any CPU
		{ED6D5A9F-8C64-42C9-9A25-0631B7EFDF3B}.Release|Any CPU.Build.0 = Release|Any CPU
		{ED6D5A9F-8C64-42C9-9A25-0631B7EFDF3B}.Release|Any CPU.Deploy.0 = Release|Any CPU
		{ED6D5A9F-8C64-42C9-9A25-0631B7EFDF3B}.Release|ARM.ActiveCfg = Release|Any CPU
		{ED6D5A9F-8C64-42C9-9A25-0631B7EFDF3B}.Release|ARM.Build.0 = Release|Any CPU
		{ED6D5A9F-8C64-42C9-9A25-0631B7EFDF3B}.Release|ARM.Deploy.0 = Release|Any CPU
		{ED6D5A9F-8C64-42C9-9A25-0631B7EFDF3B}.Release|iPhone.ActiveCfg = Release|Any CPU
		{ED6D5A9F-8C64-42C9-9A25-0631B7EFDF3B}.Release|iPhone.Build.0 = Release|Any CPU
		{ED6D5A9F-8C64-42C9-9A25-0631B7EFDF3B}.Release|iPhone.Deploy.0 = Release|Any CPU
		{ED6D5A9F-8C64-42C9-9A25-0631B7EFDF3B}.Release|iPhoneSimulator.ActiveCfg = Release|Any CPU
		{ED6D5A9F-8C64-42C9-9A25-0631B7EFDF3B}.Release|iPhoneSimulator.Build.0 = Release|Any CPU
		{ED6D5A9F-8C64-42C9-9A25-0631B7EFDF3B}.Release|iPhoneSimulator.Deploy.0 = Release|Any CPU
		{ED6D5A9F-8C64-42C9-9A25-0631B7EFDF3B}.Release|x64.ActiveCfg = Release|Any CPU
		{ED6D5A9F-8C64-42C9-9A25-0631B7EFDF3B}.Release|x64.Build.0 = Release|Any CPU
		{ED6D5A9F-8C64-42C9-9A25-0631B7EFDF3B}.Release|x64.Deploy.0 = Release|Any CPU
		{ED6D5A9F-8C64-42C9-9A25-0631B7EFDF3B}.Release|x86.ActiveCfg = Release|Any CPU
		{ED6D5A9F-8C64-42C9-9A25-0631B7EFDF3B}.Release|x86.Build.0 = Release|Any CPU
		{ED6D5A9F-8C64-42C9-9A25-0631B7EFDF3B}.Release|x86.Deploy.0 = Release|Any CPU
		{4351321C-1109-48E4-9DA0-8D338CCFD506}.Ad-Hoc|Any CPU.ActiveCfg = Ad-Hoc|iPhone
		{4351321C-1109-48E4-9DA0-8D338CCFD506}.Ad-Hoc|ARM.ActiveCfg = Ad-Hoc|iPhone
		{4351321C-1109-48E4-9DA0-8D338CCFD506}.Ad-Hoc|iPhone.ActiveCfg = Ad-Hoc|iPhone
		{4351321C-1109-48E4-9DA0-8D338CCFD506}.Ad-Hoc|iPhone.Build.0 = Ad-Hoc|iPhone
		{4351321C-1109-48E4-9DA0-8D338CCFD506}.Ad-Hoc|iPhoneSimulator.ActiveCfg = Ad-Hoc|iPhoneSimulator
		{4351321C-1109-48E4-9DA0-8D338CCFD506}.Ad-Hoc|iPhoneSimulator.Build.0 = Ad-Hoc|iPhoneSimulator
		{4351321C-1109-48E4-9DA0-8D338CCFD506}.Ad-Hoc|x64.ActiveCfg = Ad-Hoc|iPhone
		{4351321C-1109-48E4-9DA0-8D338CCFD506}.Ad-Hoc|x86.ActiveCfg = Ad-Hoc|iPhone
		{4351321C-1109-48E4-9DA0-8D338CCFD506}.AppStore|Any CPU.ActiveCfg = AppStore|iPhone
		{4351321C-1109-48E4-9DA0-8D338CCFD506}.AppStore|ARM.ActiveCfg = AppStore|iPhone
		{4351321C-1109-48E4-9DA0-8D338CCFD506}.AppStore|iPhone.ActiveCfg = AppStore|iPhone
		{4351321C-1109-48E4-9DA0-8D338CCFD506}.AppStore|iPhone.Build.0 = AppStore|iPhone
		{4351321C-1109-48E4-9DA0-8D338CCFD506}.AppStore|iPhoneSimulator.ActiveCfg = AppStore|iPhoneSimulator
		{4351321C-1109-48E4-9DA0-8D338CCFD506}.AppStore|iPhoneSimulator.Build.0 = AppStore|iPhoneSimulator
		{4351321C-1109-48E4-9DA0-8D338CCFD506}.AppStore|x64.ActiveCfg = AppStore|iPhone
		{4351321C-1109-48E4-9DA0-8D338CCFD506}.AppStore|x86.ActiveCfg = AppStore|iPhone
		{4351321C-1109-48E4-9DA0-8D338CCFD506}.Debug|Any CPU.ActiveCfg = Debug|iPhone
		{4351321C-1109-48E4-9DA0-8D338CCFD506}.Debug|ARM.ActiveCfg = Debug|iPhone
		{4351321C-1109-48E4-9DA0-8D338CCFD506}.Debug|iPhone.ActiveCfg = Debug|iPhone
		{4351321C-1109-48E4-9DA0-8D338CCFD506}.Debug|iPhone.Build.0 = Debug|iPhone
		{4351321C-1109-48E4-9DA0-8D338CCFD506}.Debug|iPhoneSimulator.ActiveCfg = Debug|iPhoneSimulator
		{4351321C-1109-48E4-9DA0-8D338CCFD506}.Debug|iPhoneSimulator.Build.0 = Debug|iPhoneSimulator
		{4351321C-1109-48E4-9DA0-8D338CCFD506}.Debug|x64.ActiveCfg = Debug|iPhone
		{4351321C-1109-48E4-9DA0-8D338CCFD506}.Debug|x86.ActiveCfg = Debug|iPhone
		{4351321C-1109-48E4-9DA0-8D338CCFD506}.Release|Any CPU.ActiveCfg = Release|iPhone
		{4351321C-1109-48E4-9DA0-8D338CCFD506}.Release|ARM.ActiveCfg = Release|iPhone
		{4351321C-1109-48E4-9DA0-8D338CCFD506}.Release|iPhone.ActiveCfg = Release|iPhone
		{4351321C-1109-48E4-9DA0-8D338CCFD506}.Release|iPhone.Build.0 = Release|iPhone
		{4351321C-1109-48E4-9DA0-8D338CCFD506}.Release|iPhoneSimulator.ActiveCfg = Release|iPhoneSimulator
		{4351321C-1109-48E4-9DA0-8D338CCFD506}.Release|iPhoneSimulator.Build.0 = Release|iPhoneSimulator
		{4351321C-1109-48E4-9DA0-8D338CCFD506}.Release|x64.ActiveCfg = Release|iPhone
		{4351321C-1109-48E4-9DA0-8D338CCFD506}.Release|x86.ActiveCfg = Release|iPhone
		{E1B0EA1B-7105-4C8D-A60E-DAA3C6561191}.Ad-Hoc|Any CPU.ActiveCfg = Release|x86
		{E1B0EA1B-7105-4C8D-A60E-DAA3C6561191}.Ad-Hoc|Any CPU.Build.0 = Release|x86
		{E1B0EA1B-7105-4C8D-A60E-DAA3C6561191}.Ad-Hoc|Any CPU.Deploy.0 = Release|x86
		{E1B0EA1B-7105-4C8D-A60E-DAA3C6561191}.Ad-Hoc|ARM.ActiveCfg = Release|ARM
		{E1B0EA1B-7105-4C8D-A60E-DAA3C6561191}.Ad-Hoc|ARM.Build.0 = Release|ARM
		{E1B0EA1B-7105-4C8D-A60E-DAA3C6561191}.Ad-Hoc|ARM.Deploy.0 = Release|ARM
		{E1B0EA1B-7105-4C8D-A60E-DAA3C6561191}.Ad-Hoc|iPhone.ActiveCfg = Release|x86
		{E1B0EA1B-7105-4C8D-A60E-DAA3C6561191}.Ad-Hoc|iPhone.Build.0 = Release|x86
		{E1B0EA1B-7105-4C8D-A60E-DAA3C6561191}.Ad-Hoc|iPhone.Deploy.0 = Release|x86
		{E1B0EA1B-7105-4C8D-A60E-DAA3C6561191}.Ad-Hoc|iPhoneSimulator.ActiveCfg = Release|x86
		{E1B0EA1B-7105-4C8D-A60E-DAA3C6561191}.Ad-Hoc|iPhoneSimulator.Build.0 = Release|x86
		{E1B0EA1B-7105-4C8D-A60E-DAA3C6561191}.Ad-Hoc|iPhoneSimulator.Deploy.0 = Release|x86
		{E1B0EA1B-7105-4C8D-A60E-DAA3C6561191}.Ad-Hoc|x64.ActiveCfg = Release|x64
		{E1B0EA1B-7105-4C8D-A60E-DAA3C6561191}.Ad-Hoc|x64.Build.0 = Release|x64
		{E1B0EA1B-7105-4C8D-A60E-DAA3C6561191}.Ad-Hoc|x64.Deploy.0 = Release|x64
		{E1B0EA1B-7105-4C8D-A60E-DAA3C6561191}.Ad-Hoc|x86.ActiveCfg = Release|x86
		{E1B0EA1B-7105-4C8D-A60E-DAA3C6561191}.Ad-Hoc|x86.Build.0 = Release|x86
		{E1B0EA1B-7105-4C8D-A60E-DAA3C6561191}.Ad-Hoc|x86.Deploy.0 = Release|x86
		{E1B0EA1B-7105-4C8D-A60E-DAA3C6561191}.AppStore|Any CPU.ActiveCfg = Release|x86
		{E1B0EA1B-7105-4C8D-A60E-DAA3C6561191}.AppStore|Any CPU.Build.0 = Release|x86
		{E1B0EA1B-7105-4C8D-A60E-DAA3C6561191}.AppStore|Any CPU.Deploy.0 = Release|x86
		{E1B0EA1B-7105-4C8D-A60E-DAA3C6561191}.AppStore|ARM.ActiveCfg = Release|ARM
		{E1B0EA1B-7105-4C8D-A60E-DAA3C6561191}.AppStore|ARM.Build.0 = Release|ARM
		{E1B0EA1B-7105-4C8D-A60E-DAA3C6561191}.AppStore|ARM.Deploy.0 = Release|ARM
		{E1B0EA1B-7105-4C8D-A60E-DAA3C6561191}.AppStore|iPhone.ActiveCfg = Release|x86
		{E1B0EA1B-7105-4C8D-A60E-DAA3C6561191}.AppStore|iPhone.Build.0 = Release|x86
		{E1B0EA1B-7105-4C8D-A60E-DAA3C6561191}.AppStore|iPhone.Deploy.0 = Release|x86
		{E1B0EA1B-7105-4C8D-A60E-DAA3C6561191}.AppStore|iPhoneSimulator.ActiveCfg = Release|x86
		{E1B0EA1B-7105-4C8D-A60E-DAA3C6561191}.AppStore|iPhoneSimulator.Build.0 = Release|x86
		{E1B0EA1B-7105-4C8D-A60E-DAA3C6561191}.AppStore|iPhoneSimulator.Deploy.0 = Release|x86
		{E1B0EA1B-7105-4C8D-A60E-DAA3C6561191}.AppStore|x64.ActiveCfg = Release|x64
		{E1B0EA1B-7105-4C8D-A60E-DAA3C6561191}.AppStore|x64.Build.0 = Release|x64
		{E1B0EA1B-7105-4C8D-A60E-DAA3C6561191}.AppStore|x64.Deploy.0 = Release|x64
		{E1B0EA1B-7105-4C8D-A60E-DAA3C6561191}.AppStore|x86.ActiveCfg = Release|x86
		{E1B0EA1B-7105-4C8D-A60E-DAA3C6561191}.AppStore|x86.Build.0 = Release|x86
		{E1B0EA1B-7105-4C8D-A60E-DAA3C6561191}.AppStore|x86.Deploy.0 = Release|x86
		{E1B0EA1B-7105-4C8D-A60E-DAA3C6561191}.Debug|Any CPU.ActiveCfg = Debug|x86
		{E1B0EA1B-7105-4C8D-A60E-DAA3C6561191}.Debug|ARM.ActiveCfg = Debug|ARM
		{E1B0EA1B-7105-4C8D-A60E-DAA3C6561191}.Debug|ARM.Build.0 = Debug|ARM
		{E1B0EA1B-7105-4C8D-A60E-DAA3C6561191}.Debug|ARM.Deploy.0 = Debug|ARM
		{E1B0EA1B-7105-4C8D-A60E-DAA3C6561191}.Debug|iPhone.ActiveCfg = Debug|x86
		{E1B0EA1B-7105-4C8D-A60E-DAA3C6561191}.Debug|iPhoneSimulator.ActiveCfg = Debug|x86
		{E1B0EA1B-7105-4C8D-A60E-DAA3C6561191}.Debug|x64.ActiveCfg = Debug|x64
		{E1B0EA1B-7105-4C8D-A60E-DAA3C6561191}.Debug|x64.Build.0 = Debug|x64
		{E1B0EA1B-7105-4C8D-A60E-DAA3C6561191}.Debug|x64.Deploy.0 = Debug|x64
		{E1B0EA1B-7105-4C8D-A60E-DAA3C6561191}.Debug|x86.ActiveCfg = Debug|x86
		{E1B0EA1B-7105-4C8D-A60E-DAA3C6561191}.Debug|x86.Build.0 = Debug|x86
		{E1B0EA1B-7105-4C8D-A60E-DAA3C6561191}.Debug|x86.Deploy.0 = Debug|x86
		{E1B0EA1B-7105-4C8D-A60E-DAA3C6561191}.Release|Any CPU.ActiveCfg = Release|x86
		{E1B0EA1B-7105-4C8D-A60E-DAA3C6561191}.Release|ARM.ActiveCfg = Release|ARM
		{E1B0EA1B-7105-4C8D-A60E-DAA3C6561191}.Release|ARM.Build.0 = Release|ARM
		{E1B0EA1B-7105-4C8D-A60E-DAA3C6561191}.Release|ARM.Deploy.0 = Release|ARM
		{E1B0EA1B-7105-4C8D-A60E-DAA3C6561191}.Release|iPhone.ActiveCfg = Release|x86
		{E1B0EA1B-7105-4C8D-A60E-DAA3C6561191}.Release|iPhoneSimulator.ActiveCfg = Release|x86
		{E1B0EA1B-7105-4C8D-A60E-DAA3C6561191}.Release|x64.ActiveCfg = Release|x64
		{E1B0EA1B-7105-4C8D-A60E-DAA3C6561191}.Release|x64.Build.0 = Release|x64
		{E1B0EA1B-7105-4C8D-A60E-DAA3C6561191}.Release|x64.Deploy.0 = Release|x64
		{E1B0EA1B-7105-4C8D-A60E-DAA3C6561191}.Release|x86.ActiveCfg = Release|x86
		{E1B0EA1B-7105-4C8D-A60E-DAA3C6561191}.Release|x86.Build.0 = Release|x86
		{E1B0EA1B-7105-4C8D-A60E-DAA3C6561191}.Release|x86.Deploy.0 = Release|x86
	EndGlobalSection
	GlobalSection(SolutionProperties) = preSolution
		HideSolutionNode = FALSE
	EndGlobalSection
	GlobalSection(ExtensibilityGlobals) = postSolution
		SolutionGuid = {2953326B-1293-4ED8-A955-9E5B59204FB1}
	EndGlobalSection
EndGlobal
